
Microsoft Visual Studio Solution File, Format Version 12.00
Project("{FAE04EC0-301F-11D3-BF4B-00C04F79EFBC}") = "ItsfAPI", "ItsfAPI\ItsfAPI.csproj", "{F9000BF9-9B27-438E-9DC1-85C3D9F7423E}"
EndProject
Global
	GlobalSection(SolutionConfigurationPlatforms) = preSolution
		Debug|Any CPU = Debug|Any CPU
		Release|Any CPU = Release|Any CPU
	EndGlobalSection
	GlobalSection(ProjectConfigurationPlatforms) = postSolution
		{F9000BF9-9B27-438E-9DC1-85C3D9F7423E}.Debug|Any CPU.ActiveCfg = Debug|Any CPU
		{F9000BF9-9B27-438E-9DC1-85C3D9F7423E}.Debug|Any CPU.Build.0 = Debug|Any CPU
		{F9000BF9-9B27-438E-9DC1-85C3D9F7423E}.Release|Any CPU.ActiveCfg = Release|Any CPU
		{F9000BF9-9B27-438E-9DC1-85C3D9F7423E}.Release|Any CPU.Build.0 = Release|Any CPU
	EndGlobalSection
EndGlobal
